{
  "requires": true,
  "lockfileVersion": 1,
  "dependencies": {
    "gojs": {
      "version": "1.8.34",
      "resolved": "https://registry.npmjs.org/gojs/-/gojs-1.8.34.tgz",
      "integrity": "sha512-wjgBUQGZ3/yxCDakJGWjgslA/Ov0NeTyheyt3+og/B/yWYwJuZXmhJzIvUsGZ1K1nhB+71H6KnulImQBeFlSeA=="
    }
  }
}
